
Microsoft Visual Studio Solution File, Format Version 12.00
# Visual Studio 15
VisualStudioVersion = 15.0.27004.2009
MinimumVisualStudioVersion = 10.0.40219.1
Project("{FAE04EC0-301F-11D3-BF4B-00C04F79EFBC}") = "ShopSample", "ShopSample\ShopSample.csproj", "{F181396E-808B-4A3E-ABF1-2AF144DEE1DF}"
EndProject
Global
	GlobalSection(SolutionConfigurationPlatforms) = preSolution
		Debug|Any CPU = Debug|Any CPU
		Release|Any CPU = Release|Any CPU
	EndGlobalSection
	GlobalSection(ProjectConfigurationPlatforms) = postSolution
		{F181396E-808B-4A3E-ABF1-2AF144DEE1DF}.Debug|Any CPU.ActiveCfg = Debug|Any CPU
		{F181396E-808B-4A3E-ABF1-2AF144DEE1DF}.Debug|Any CPU.Build.0 = Debug|Any CPU
		{F181396E-808B-4A3E-ABF1-2AF144DEE1DF}.Release|Any CPU.ActiveCfg = Release|Any CPU
		{F181396E-808B-4A3E-ABF1-2AF144DEE1DF}.Release|Any CPU.Build.0 = Release|Any CPU
	EndGlobalSection
	GlobalSection(SolutionProperties) = preSolution
		HideSolutionNode = FALSE
	EndGlobalSection
	GlobalSection(ExtensibilityGlobals) = postSolution
		SolutionGuid = {3A74B059-5830-4258-AA55-2D94AE1692CB}
	EndGlobalSection
EndGlobal
